
Microsoft Visual Studio Solution File, Format Version 12.00
# Visual Studio Version 16
VisualStudioVersion = 16.0.31702.278
MinimumVisualStudioVersion = 10.0.40219.1
Project("{FAE04EC0-301F-11D3-BF4B-00C04F79EFBC}") = "kota.Android", "kota\kota.Android\kota.Android.csproj", "{CD7DD177-157B-47A4-BBF3-7176A0E60F9F}"
EndProject
Project("{FAE04EC0-301F-11D3-BF4B-00C04F79EFBC}") = "kota.iOS", "kota\kota.iOS\kota.iOS.csproj", "{E6D0A13D-F394-4C8A-89E9-CFE329D49CB1}"
EndProject
Project("{FAE04EC0-301F-11D3-BF4B-00C04F79EFBC}") = "kota", "kota\kota\kota.csproj", "{AA1E0C3B-0ADB-4082-89F6-8AE56DF2135A}"
EndProject
Global
	GlobalSection(SolutionConfigurationPlatforms) = preSolution
		Debug|Any CPU = Debug|Any CPU
		Debug|iPhone = Debug|iPhone
		Debug|iPhoneSimulator = Debug|iPhoneSimulator
		Release|Any CPU = Release|Any CPU
		Release|iPhone = Release|iPhone
		Release|iPhoneSimulator = Release|iPhoneSimulator
	EndGlobalSection
	GlobalSection(ProjectConfigurationPlatforms) = postSolution
		{CD7DD177-157B-47A4-BBF3-7176A0E60F9F}.Debug|Any CPU.ActiveCfg = Debug|Any CPU
		{CD7DD177-157B-47A4-BBF3-7176A0E60F9F}.Debug|Any CPU.Build.0 = Debug|Any CPU
		{CD7DD177-157B-47A4-BBF3-7176A0E60F9F}.Debug|Any CPU.Deploy.0 = Debug|Any CPU
		{CD7DD177-157B-47A4-BBF3-7176A0E60F9F}.Debug|iPhone.ActiveCfg = Debug|Any CPU
		{CD7DD177-157B-47A4-BBF3-7176A0E60F9F}.Debug|iPhone.Build.0 = Debug|Any CPU
		{CD7DD177-157B-47A4-BBF3-7176A0E60F9F}.Debug|iPhone.Deploy.0 = Debug|Any CPU
		{CD7DD177-157B-47A4-BBF3-7176A0E60F9F}.Debug|iPhoneSimulator.ActiveCfg = Debug|Any CPU
		{CD7DD177-157B-47A4-BBF3-7176A0E60F9F}.Debug|iPhoneSimulator.Build.0 = Debug|Any CPU
		{CD7DD177-157B-47A4-BBF3-7176A0E60F9F}.Debug|iPhoneSimulator.Deploy.0 = Debug|Any CPU
		{CD7DD177-157B-47A4-BBF3-7176A0E60F9F}.Release|Any CPU.ActiveCfg = Release|Any CPU
		{CD7DD177-157B-47A4-BBF3-7176A0E60F9F}.Release|Any CPU.Build.0 = Release|Any CPU
		{CD7DD177-157B-47A4-BBF3-7176A0E60F9F}.Release|Any CPU.Deploy.0 = Release|Any CPU
		{CD7DD177-157B-47A4-BBF3-7176A0E60F9F}.Release|iPhone.ActiveCfg = Release|Any CPU
		{CD7DD177-157B-47A4-BBF3-7176A0E60F9F}.Release|iPhone.Build.0 = Release|Any CPU
		{CD7DD177-157B-47A4-BBF3-7176A0E60F9F}.Release|iPhone.Deploy.0 = Release|Any CPU
		{CD7DD177-157B-47A4-BBF3-7176A0E60F9F}.Release|iPhoneSimulator.ActiveCfg = Release|Any CPU
		{CD7DD177-157B-47A4-BBF3-7176A0E60F9F}.Release|iPhoneSimulator.Build.0 = Release|Any CPU
		{CD7DD177-157B-47A4-BBF3-7176A0E60F9F}.Release|iPhoneSimulator.Deploy.0 = Release|Any CPU
		{E6D0A13D-F394-4C8A-89E9-CFE329D49CB1}.Debug|Any CPU.ActiveCfg = Debug|iPhone
		{E6D0A13D-F394-4C8A-89E9-CFE329D49CB1}.Debug|Any CPU.Build.0 = Debug|iPhone
		{E6D0A13D-F394-4C8A-89E9-CFE329D49CB1}.Debug|Any CPU.Deploy.0 = Debug|iPhone
		{E6D0A13D-F394-4C8A-89E9-CFE329D49CB1}.Debug|iPhone.ActiveCfg = Debug|iPhone
		{E6D0A13D-F394-4C8A-89E9-CFE329D49CB1}.Debug|iPhone.Build.0 = Debug|iPhone
		{E6D0A13D-F394-4C8A-89E9-CFE329D49CB1}.Debug|iPhone.Deploy.0 = Debug|iPhone
		{E6D0A13D-F394-4C8A-89E9-CFE329D49CB1}.Debug|iPhoneSimulator.ActiveCfg = Debug|iPhoneSimulator
		{E6D0A13D-F394-4C8A-89E9-CFE329D49CB1}.Debug|iPhoneSimulator.Build.0 = Debug|iPhoneSimulator
		{E6D0A13D-F394-4C8A-89E9-CFE329D49CB1}.Debug|iPhoneSimulator.Deploy.0 = Debug|iPhoneSimulator
		{E6D0A13D-F394-4C8A-89E9-CFE329D49CB1}.Release|Any CPU.ActiveCfg = Release|iPhoneSimulator
		{E6D0A13D-F394-4C8A-89E9-CFE329D49CB1}.Release|Any CPU.Build.0 = Release|iPhoneSimulator
		{E6D0A13D-F394-4C8A-89E9-CFE329D49CB1}.Release|Any CPU.Deploy.0 = Release|iPhoneSimulator
		{E6D0A13D-F394-4C8A-89E9-CFE329D49CB1}.Release|iPhone.ActiveCfg = Release|iPhone
		{E6D0A13D-F394-4C8A-89E9-CFE329D49CB1}.Release|iPhone.Build.0 = Release|iPhone
		{E6D0A13D-F394-4C8A-89E9-CFE329D49CB1}.Release|iPhone.Deploy.0 = Release|iPhone
		{E6D0A13D-F394-4C8A-89E9-CFE329D49CB1}.Release|iPhoneSimulator.ActiveCfg = Release|iPhoneSimulator
		{E6D0A13D-F394-4C8A-89E9-CFE329D49CB1}.Release|iPhoneSimulator.Build.0 = Release|iPhoneSimulator
		{E6D0A13D-F394-4C8A-89E9-CFE329D49CB1}.Release|iPhoneSimulator.Deploy.0 = Release|iPhoneSimulator
		{AA1E0C3B-0ADB-4082-89F6-8AE56DF2135A}.Debug|Any CPU.ActiveCfg = Debug|Any CPU
		{AA1E0C3B-0ADB-4082-89F6-8AE56DF2135A}.Debug|Any CPU.Build.0 = Debug|Any CPU
		{AA1E0C3B-0ADB-4082-89F6-8AE56DF2135A}.Debug|Any CPU.Deploy.0 = Debug|Any CPU
		{AA1E0C3B-0ADB-4082-89F6-8AE56DF2135A}.Debug|iPhone.ActiveCfg = Debug|Any CPU
		{AA1E0C3B-0ADB-4082-89F6-8AE56DF2135A}.Debug|iPhone.Build.0 = Debug|Any CPU
		{AA1E0C3B-0ADB-4082-89F6-8AE56DF2135A}.Debug|iPhone.Deploy.0 = Debug|Any CPU
		{AA1E0C3B-0ADB-4082-89F6-8AE56DF2135A}.Debug|iPhoneSimulator.ActiveCfg = Debug|Any CPU
		{AA1E0C3B-0ADB-4082-89F6-8AE56DF2135A}.Debug|iPhoneSimulator.Build.0 = Debug|Any CPU
		{AA1E0C3B-0ADB-4082-89F6-8AE56DF2135A}.Debug|iPhoneSimulator.Deploy.0 = Debug|Any CPU
		{AA1E0C3B-0ADB-4082-89F6-8AE56DF2135A}.Release|Any CPU.ActiveCfg = Release|Any CPU
		{AA1E0C3B-0ADB-4082-89F6-8AE56DF2135A}.Release|Any CPU.Build.0 = Release|Any CPU
		{AA1E0C3B-0ADB-4082-89F6-8AE56DF2135A}.Release|Any CPU.Deploy.0 = Release|Any CPU
		{AA1E0C3B-0ADB-4082-89F6-8AE56DF2135A}.Release|iPhone.ActiveCfg = Release|Any CPU
		{AA1E0C3B-0ADB-4082-89F6-8AE56DF2135A}.Release|iPhone.Build.0 = Release|Any CPU
		{AA1E0C3B-0ADB-4082-89F6-8AE56DF2135A}.Release|iPhone.Deploy.0 = Release|Any CPU
		{AA1E0C3B-0ADB-4082-89F6-8AE56DF2135A}.Release|iPhoneSimulator.ActiveCfg = Release|Any CPU
		{AA1E0C3B-0ADB-4082-89F6-8AE56DF2135A}.Release|iPhoneSimulator.Build.0 = Release|Any CPU
		{AA1E0C3B-0ADB-4082-89F6-8AE56DF2135A}.Release|iPhoneSimulator.Deploy.0 = Release|Any CPU
	EndGlobalSection
	GlobalSection(SolutionProperties) = preSolution
		HideSolutionNode = FALSE
	EndGlobalSection
	GlobalSection(ExtensibilityGlobals) = postSolution
		SolutionGuid = {5115E1C2-834C-4AB4-9368-07AC2F88984D}
	EndGlobalSection
EndGlobal
